{
  "requires": true,
  "lockfileVersion": 1,
  "dependencies": {
    "impromptu-react-sidemenu": {
      "version": "0.1.1",
      "resolved": "https://registry.npmjs.org/impromptu-react-sidemenu/-/impromptu-react-sidemenu-0.1.1.tgz",
      "integrity": "sha1-GGrduVS5kWF3OJ9mOAOc0iA3bLI="
    }
  }
}
